
Microsoft Visual Studio Solution File, Format Version 12.00
Project("{FAE04EC0-301F-11D3-BF4B-00C04F79EFBC}") = "AkiraBot.CI", "source\AkiraBot.CI\AkiraBot.CI.csproj", "{B15970C5-956A-47DD-B457-8A2C67F83B0C}"
EndProject
Project("{FAE04EC0-301F-11D3-BF4B-00C04F79EFBC}") = "AkiraBot.ExchangesRestAPI", "source\AkiraBot.ExchangesRestAPI\AkiraBot.ExchangesRestAPI.csproj", "{6C4DC5AD-0586-4F3B-9521-B951B69A667A}"
EndProject
Project("{FAE04EC0-301F-11D3-BF4B-00C04F79EFBC}") = "AkiraBot.ExchangeClients", "source\AkiraBot.ExchangeClients\AkiraBot.ExchangeClients.csproj", "{39648463-6266-4895-9A6B-6CE4EBAB07B3}"
EndProject
Project("{FAE04EC0-301F-11D3-BF4B-00C04F79EFBC}") = "AkiraBot.Utilities.EnumUtility", "source\AkiraBot.Utilities.EnumUtility\AkiraBot.Utilities.EnumUtility.csproj", "{E904CB25-B212-452D-8F5C-6EB2AE8946B3}"
EndProject
Project("{FAE04EC0-301F-11D3-BF4B-00C04F79EFBC}") = "AkiraBot.Bot", "source\AkiraBot.Bot\AkiraBot.Bot.csproj", "{AB88B45B-BB21-4486-AAD5-BAC0C3A75722}"
EndProject
Project("{FAE04EC0-301F-11D3-BF4B-00C04F79EFBC}") = "AkiraBot.Utilities.CommonTools", "source\AkiraBot.Utilities.CommonTools\AkiraBot.Utilities.CommonTools.csproj", "{0A1710CA-0078-4EC7-B127-DB738AA48FD6}"
EndProject
Project("{FAE04EC0-301F-11D3-BF4B-00C04F79EFBC}") = "AkiraBot.UI", "source\AkiraBot.UI\AkiraBot.UI.csproj", "{8EE1A2EC-9780-4F72-824A-40B1D270C882}"
EndProject
Global
	GlobalSection(SolutionConfigurationPlatforms) = preSolution
		Debug|Any CPU = Debug|Any CPU
		Release|Any CPU = Release|Any CPU
	EndGlobalSection
	GlobalSection(ProjectConfigurationPlatforms) = postSolution
		{B15970C5-956A-47DD-B457-8A2C67F83B0C}.Debug|Any CPU.ActiveCfg = Debug|Any CPU
		{B15970C5-956A-47DD-B457-8A2C67F83B0C}.Debug|Any CPU.Build.0 = Debug|Any CPU
		{B15970C5-956A-47DD-B457-8A2C67F83B0C}.Release|Any CPU.ActiveCfg = Release|Any CPU
		{B15970C5-956A-47DD-B457-8A2C67F83B0C}.Release|Any CPU.Build.0 = Release|Any CPU
		{6C4DC5AD-0586-4F3B-9521-B951B69A667A}.Debug|Any CPU.ActiveCfg = Debug|Any CPU
		{6C4DC5AD-0586-4F3B-9521-B951B69A667A}.Debug|Any CPU.Build.0 = Debug|Any CPU
		{6C4DC5AD-0586-4F3B-9521-B951B69A667A}.Release|Any CPU.ActiveCfg = Release|Any CPU
		{6C4DC5AD-0586-4F3B-9521-B951B69A667A}.Release|Any CPU.Build.0 = Release|Any CPU
		{39648463-6266-4895-9A6B-6CE4EBAB07B3}.Debug|Any CPU.ActiveCfg = Debug|Any CPU
		{39648463-6266-4895-9A6B-6CE4EBAB07B3}.Debug|Any CPU.Build.0 = Debug|Any CPU
		{39648463-6266-4895-9A6B-6CE4EBAB07B3}.Release|Any CPU.ActiveCfg = Release|Any CPU
		{39648463-6266-4895-9A6B-6CE4EBAB07B3}.Release|Any CPU.Build.0 = Release|Any CPU
		{E904CB25-B212-452D-8F5C-6EB2AE8946B3}.Debug|Any CPU.ActiveCfg = Debug|Any CPU
		{E904CB25-B212-452D-8F5C-6EB2AE8946B3}.Debug|Any CPU.Build.0 = Debug|Any CPU
		{E904CB25-B212-452D-8F5C-6EB2AE8946B3}.Release|Any CPU.ActiveCfg = Release|Any CPU
		{E904CB25-B212-452D-8F5C-6EB2AE8946B3}.Release|Any CPU.Build.0 = Release|Any CPU
		{AB88B45B-BB21-4486-AAD5-BAC0C3A75722}.Debug|Any CPU.ActiveCfg = Debug|Any CPU
		{AB88B45B-BB21-4486-AAD5-BAC0C3A75722}.Debug|Any CPU.Build.0 = Debug|Any CPU
		{AB88B45B-BB21-4486-AAD5-BAC0C3A75722}.Release|Any CPU.ActiveCfg = Release|Any CPU
		{AB88B45B-BB21-4486-AAD5-BAC0C3A75722}.Release|Any CPU.Build.0 = Release|Any CPU
		{0A1710CA-0078-4EC7-B127-DB738AA48FD6}.Debug|Any CPU.ActiveCfg = Debug|Any CPU
		{0A1710CA-0078-4EC7-B127-DB738AA48FD6}.Debug|Any CPU.Build.0 = Debug|Any CPU
		{0A1710CA-0078-4EC7-B127-DB738AA48FD6}.Release|Any CPU.ActiveCfg = Release|Any CPU
		{0A1710CA-0078-4EC7-B127-DB738AA48FD6}.Release|Any CPU.Build.0 = Release|Any CPU
		{8EE1A2EC-9780-4F72-824A-40B1D270C882}.Debug|Any CPU.ActiveCfg = Debug|Any CPU
		{8EE1A2EC-9780-4F72-824A-40B1D270C882}.Debug|Any CPU.Build.0 = Debug|Any CPU
		{8EE1A2EC-9780-4F72-824A-40B1D270C882}.Release|Any CPU.ActiveCfg = Release|Any CPU
		{8EE1A2EC-9780-4F72-824A-40B1D270C882}.Release|Any CPU.Build.0 = Release|Any CPU
	EndGlobalSection
EndGlobal
